{
  "name": "ryba-js",
  "version": "1.0.0",
  "lockfileVersion": 1,
  "dependencies": {
    "ramda": {
      "version": "0.25.0",
      "resolved": "https://registry.npmjs.org/ramda/-/ramda-0.25.0.tgz",
      "integrity": "sha512-GXpfrYVPwx3K7RQ6aYT8KPS8XViSXUVJT1ONhoKPE9VAleW42YE+U+8VEyGWt41EnEQW7gwecYJriTI0pKoecQ=="
    },
    "text-generator-core": {
      "version": "1.0.3",
      "resolved": "https://registry.npmjs.org/text-generator-core/-/text-generator-core-1.0.3.tgz",
      "integrity": "sha512-76kNx9uygYJUTg6Clw0oz1sIyCWdU3o2JVfduB7JSOWvL1jv1wz5VXXGR4r6aJvTfushDIx21mEKpVbHaWee1Q=="
    }
  }
}
